// !$*UTF8*$!
{
	archiveVersion = 1;
	classes = {
	};
	objectVersion = 46;
	objects = {

/* Begin PBXBuildFile section */
		7C05B88D1BDFEB9F001BBB18 /* main.m in Sources */ = {isa = PBXBuildFile; fileRef = 7C05B88C1BDFEB9F001BBB18 /* main.m */; };
		7C05B8901BDFEB9F001BBB18 /* AppDelegate.m in Sources */ = {isa = PBXBuildFile; fileRef = 7C05B88F1BDFEB9F001BBB18 /* AppDelegate.m */; };
		7C05B8931BDFEB9F001BBB18 /* ViewController.m in Sources */ = {isa = PBXBuildFile; fileRef = 7C05B8921BDFEB9F001BBB18 /* ViewController.m */; };
		7C05B8961BDFEB9F001BBB18 /* Main.storyboard in Resources */ = {isa = PBXBuildFile; fileRef = 7C05B8941BDFEB9F001BBB18 /* Main.storyboard */; };
		7C05B8981BDFEB9F001BBB18 /* Assets.xcassets in Resources */ = {isa = PBXBuildFile; fileRef = 7C05B8971BDFEB9F001BBB18 /* Assets.xcassets */; };
		7C05B89B1BDFEB9F001BBB18 /* LaunchScreen.storyboard in Resources */ = {isa = PBXBuildFile; fileRef = 7C05B8991BDFEB9F001BBB18 /* LaunchScreen.storyboard */; };
		7C05B8A31BDFEC7B001BBB18 /* MapKit.framework in Frameworks */ = {isa = PBXBuildFile; fileRef = 7C05B8A21BDFEC7B001BBB18 /* MapKit.framework */; };
		7C05B8A51BDFF1FD001BBB18 /* CoreLocation.framework in Frameworks */ = {isa = PBXBuildFile; fileRef = 7C05B8A41BDFF1FD001BBB18 /* CoreLocation.framework */; };
/* End PBXBuildFile section */

/* Begin PBXFileReference section */
		7C05B8881BDFEB9F001BBB18 /* rzMapKitTest.app */ = {isa = PBXFileReference; explicitFileType = wrapper.application; includeInIndex = 0; path = rzMapKitTest.app; sourceTree = BUILT_PRODUCTS_DIR; };
		7C05B88C1BDFEB9F001BBB18 /* main.m */ = {isa = PBXFileReference; lastKnownFileType = sourcecode.c.objc; path = main.m; sourceTree = "<group>"; };
		7C05B88E1BDFEB9F001BBB18 /* AppDelegate.h */ = {isa = PBXFileReference; lastKnownFileType = sourcecode.c.h; path = AppDelegate.h; sourceTree = "<group>"; };
		7C05B88F1BDFEB9F001BBB18 /* AppDelegate.m */ = {isa = PBXFileReference; lastKnownFileType = sourcecode.c.objc; path = AppDelegate.m; sourceTree = "<group>"; };
		7C05B8911BDFEB9F001BBB18 /* ViewController.h */ = {isa = PBXFileReference; lastKnownFileType = sourcecode.c.h; path = ViewController.h; sourceTree = "<group>"; };
		7C05B8921BDFEB9F001BBB18 /* ViewController.m */ = {isa = PBXFileReference; lastKnownFileType = sourcecode.c.objc; path = ViewController.m; sourceTree = "<group>"; };
		7C05B8951BDFEB9F001BBB18 /* Base */ = {isa = PBXFileReference; lastKnownFileType = file.storyboard; name = Base; path = Base.lproj/Main.storyboard; sourceTree = "<group>"; };
		7C05B8971BDFEB9F001BBB18 /* Assets.xcassets */ = {isa = PBXFileReference; lastKnownFileType = folder.assetcatalog; path = Assets.xcassets; sourceTree = "<group>"; };
		7C05B89A1BDFEB9F001BBB18 /* Base */ = {isa = PBXFileReference; lastKnownFileType = file.storyboard; name = Base; path = Base.lproj/LaunchScreen.storyboard; sourceTree = "<group>"; };
		7C05B89C1BDFEB9F001BBB18 /* Info.plist */ = {isa = PBXFileReference; lastKnownFileType = text.plist.xml; path = Info.plist; sourceTree = "<group>"; };
		7C05B8A21BDFEC7B001BBB18 /* MapKit.framework */ = {isa = PBXFileReference; lastKnownFileType = wrapper.framework; name = MapKit.framework; path = System/Library/Frameworks/MapKit.framework; sourceTree = SDKROOT; };
		7C05B8A41BDFF1FD001BBB18 /* CoreLocation.framework */ = {isa = PBXFileReference; lastKnownFileType = wrapper.framework; name = CoreLocation.framework; path = System/Library/Frameworks/CoreLocation.framework; sourceTree = SDKROOT; };
/* End PBXFileReference section */

/* Begin PBXFrameworksBuildPhase section */
		7C05B8851BDFEB9F001BBB18 /* Frameworks */ = {
			isa = PBXFrameworksBuildPhase;
			buildActionMask = 2147483647;
			files = (
				7C05B8A51BDFF1FD001BBB18 /* CoreLocation.framework in Frameworks */,
				7C05B8A31BDFEC7B001BBB18 /* MapKit.framework in Frameworks */,
			);
			runOnlyForDeploymentPostprocessing = 0;
		};
/* End PBXFrameworksBuildPhase section */

/* Begin PBXGroup section */
		7C05B87F1BDFEB9F001BBB18 = {
			isa = PBXGroup;
			children = (
				7C05B8A41BDFF1FD001BBB18 /* CoreLocation.framework */,
				7C05B8A21BDFEC7B001BBB18 /* MapKit.framework */,
				7C05B88A1BDFEB9F001BBB18 /* rzMapKitTest */,
				7C05B8891BDFEB9F001BBB18 /* Products */,
			);
			sourceTree = "<group>";
		};
		7C05B8891BDFEB9F001BBB18 /* Products */ = {
			isa = PBXGroup;
			children = (
				7C05B8881BDFEB9F001BBB18 /* rzMapKitTest.app */,
			);
			name = Products;
			sourceTree = "<group>";
		};
		7C05B88A1BDFEB9F001BBB18 /* rzMapKitTest */ = {
			isa = PBXGroup;
			children = (
				7C05B88E1BDFEB9F001BBB18 /* AppDelegate.h */,
				7C05B88F1BDFEB9F001BBB18 /* AppDelegate.m */,
				7C05B8911BDFEB9F001BBB18 /* ViewController.h */,
				7C05B8921BDFEB9F001BBB18 /* ViewController.m */,
				7C05B8941BDFEB9F001BBB18 /* Main.storyboard */,
				7C05B8971BDFEB9F001BBB18 /* Assets.xcassets */,
				7C05B8991BDFEB9F001BBB18 /* LaunchScreen.storyboard */,
				7C05B89C1BDFEB9F001BBB18 /* Info.plist */,
				7C05B88B1BDFEB9F001BBB18 /* Supporting Files */,
			);
			path = rzMapKitTest;
			sourceTree = "<group>";
		};
		7C05B88B1BDFEB9F001BBB18 /* Supporting Files */ = {
			isa = PBXGroup;
			children = (
				7C05B88C1BDFEB9F001BBB18 /* main.m */,
			);
			name = "Supporting Files";
			sourceTree = "<group>";
		};
/* End PBXGroup section */

/* Begin PBXNativeTarget section */
		7C05B8871BDFEB9F001BBB18 /* rzMapKitTest */ = {
			isa = PBXNativeTarget;
			buildConfigurationList = 7C05B89F1BDFEB9F001BBB18 /* Build configuration list for PBXNativeTarget "rzMapKitTest" */;
			buildPhases = (
				7C05B8841BDFEB9F001BBB18 /* Sources */,
				7C05B8851BDFEB9F001BBB18 /* Frameworks */,
				7C05B8861BDFEB9F001BBB18 /* Resources */,
			);
			buildRules = (
			);
			dependencies = (
			);
			name = rzMapKitTest;
			productName = rzMapKitTest;
			productReference = 7C05B8881BDFEB9F001BBB18 /* rzMapKitTest.app */;
			productType = "com.apple.product-type.application";
		};
/* End PBXNativeTarget section */

/* Begin PBXProject section */
		7C05B8801BDFEB9F001BBB18 /* Project object */ = {
			isa = PBXProject;
			attributes = {
				LastUpgradeCheck = 0710;
				ORGANIZATIONNAME = "Robert Zimmelman";
				TargetAttributes = {
					7C05B8871BDFEB9F001BBB18 = {
						CreatedOnToolsVersion = 7.1;
					};
				};
			};
			buildConfigurationList = 7C05B8831BDFEB9F001BBB18 /* Build configuration list for PBXProject "rzMapKitTest" */;
			compatibilityVersion = "Xcode 3.2";
			developmentRegion = English;
			hasScannedForEncodings = 0;
			knownRegions = (
				en,
				Base,
			);
			mainGroup = 7C05B87F1BDFEB9F001BBB18;
			productRefGroup = 7C05B8891BDFEB9F001BBB18 /* Products */;
			projectDirPath = "";
			projectRoot = "";
			targets = (
				7C05B8871BDFEB9F001BBB18 /* rzMapKitTest */,
			);
		};
/* End PBXProject section */

/* Begin PBXResourcesBuildPhase section */
		7C05B8861BDFEB9F001BBB18 /* Resources */ = {
			isa = PBXResourcesBuildPhase;
			buildActionMask = 2147483647;
			files = (
				7C05B89B1BDFEB9F001BBB18 /* LaunchScreen.storyboard in Resources */,
				7C05B8981BDFEB9F001BBB18 /* Assets.xcassets in Resources */,
				7C05B8961BDFEB9F001BBB18 /* Main.storyboard in Resources */,
			);
			runOnlyForDeploymentPostprocessing = 0;
		};
/* End PBXResourcesBuildPhase section */

/* Begin PBXSourcesBuildPhase section */
		7C05B8841BDFEB9F001BBB18 /* Sources */ = {
			isa = PBXSourcesBuildPhase;
			buildActionMask = 2147483647;
			files = (
				7C05B8931BDFEB9F001BBB18 /* ViewController.m in Sources */,
				7C05B8901BDFEB9F001BBB18 /* AppDelegate.m in Sources */,
				7C05B88D1BDFEB9F001BBB18 /* main.m in Sources */,
			);
			runOnlyForDeploymentPostprocessing = 0;
		};
/* End PBXSourcesBuildPhase section */

/* Begin PBXVariantGroup section */
		7C05B8941BDFEB9F001BBB18 /* Main.storyboard */ = {
			isa = PBXVariantGroup;
			children = (
				7C05B8951BDFEB9F001BBB18 /* Base */,
			);
			name = Main.storyboard;
			sourceTree = "<group>";
		};
		7C05B8991BDFEB9F001BBB18 /* LaunchScreen.storyboard */ = {
			isa = PBXVariantGroup;
			children = (
				7C05B89A1BDFEB9F001BBB18 /* Base */,
			);
			name = LaunchScreen.storyboard;
			sourceTree = "<group>";
		};
/* End PBXVariantGroup section */

/* Begin XCBuildConfiguration section */
		7C05B89D1BDFEB9F001BBB18 /* Debug */ = {
			isa = XCBuildConfiguration;
			buildSettings = {
				ALWAYS_SEARCH_USER_PATHS = NO;
				CLANG_CXX_LANGUAGE_STANDARD = "gnu++0x";
				CLANG_CXX_LIBRARY = "libc++";
				CLANG_ENABLE_MODULES = YES;
				CLANG_ENABLE_OBJC_ARC = YES;
				CLANG_WARN_BOOL_CONVERSION = YES;
				CLANG_WARN_CONSTANT_CONVERSION = YES;
				CLANG_WARN_DIRECT_OBJC_ISA_USAGE = YES_ERROR;
				CLANG_WARN_EMPTY_BODY = YES;
				CLANG_WARN_ENUM_CONVERSION = YES;
				CLANG_WARN_INT_CONVERSION = YES;
				CLANG_WARN_OBJC_ROOT_CLASS = YES_ERROR;
				CLANG_WARN_UNREACHABLE_CODE = YES;
				CLANG_WARN__DUPLICATE_METHOD_MATCH = YES;
				"CODE_SIGN_IDENTITY[sdk=iphoneos*]" = "iPhone Developer";
				COPY_PHASE_STRIP = NO;
				DEBUG_INFORMATION_FORMAT = dwarf;
				ENABLE_STRICT_OBJC_MSGSEND = YES;
				ENABLE_TESTABILITY = YES;
				GCC_C_LANGUAGE_STANDARD = gnu99;
				GCC_DYNAMIC_NO_PIC = NO;
				GCC_NO_COMMON_BLOCKS = YES;
				GCC_OPTIMIZATION_LEVEL = 0;
				GCC_PREPROCESSOR_DEFINITIONS = (
					"DEBUG=1",
					"$(inherited)",
				);
				GCC_WARN_64_TO_32_BIT_CONVERSION = YES;
				GCC_WARN_ABOUT_RETURN_TYPE = YES_ERROR;
				GCC_WARN_UNDECLARED_SELECTOR = YES;
				GCC_WARN_UNINITIALIZED_AUTOS = YES_AGGRESSIVE;
				GCC_WARN_UNUSED_FUNCTION = YES;
				GCC_WARN_UNUSED_VARIABLE = YES;
				IPHONEOS_DEPLOYMENT_TARGET = 9.1;
				MTL_ENABLE_DEBUG_INFO = YES;
				ONLY_ACTIVE_ARCH = YES;
				SDKROOT = iphoneos;
			};
			name = Debug;
		};
		7C05B89E1BDFEB9F001BBB18 /* Release */ = {
			isa = XCBuildConfiguration;
			buildSettings = {
				ALWAYS_SEARCH_USER_PATHS = NO;
				CLANG_CXX_LANGUAGE_STANDARD = "gnu++0x";
				CLANG_CXX_LIBRARY = "libc++";
				CLANG_ENABLE_MODULES = YES;
				CLANG_ENABLE_OBJC_ARC = YES;
				CLANG_WARN_BOOL_CONVERSION = YES;
				CLANG_WARN_CONSTANT_CONVERSION = YES;
				CLANG_WARN_DIRECT_OBJC_ISA_USAGE = YES_ERROR;
				CLANG_WARN_EMPTY_BODY = YES;
				CLANG_WARN_ENUM_CONVERSION = YES;
				CLANG_WARN_INT_CONVERSION = YES;
				CLANG_WARN_OBJC_ROOT_CLASS = YES_ERROR;
				CLANG_WARN_UNREACHABLE_CODE = YES;
				CLANG_WARN__DUPLICATE_METHOD_MATCH = YES;
				"CODE_SIGN_IDENTITY[sdk=iphoneos*]" = "iPhone Developer";
				COPY_PHASE_STRIP = NO;
				DEBUG_INFORMATION_FORMAT = "dwarf-with-dsym";
				ENABLE_NS_ASSERTIONS = NO;
				ENABLE_STRICT_OBJC_MSGSEND = YES;
				GCC_C_LANGUAGE_STANDARD = gnu99;
				GCC_NO_COMMON_BLOCKS = YES;
				GCC_WARN_64_TO_32_BIT_CONVERSION = YES;
				GCC_WARN_ABOUT_RETURN_TYPE = YES_ERROR;
				GCC_WARN_UNDECLARED_SELECTOR = YES;
				GCC_WARN_UNINITIALIZED_AUTOS = YES_AGGRESSIVE;
				GCC_WARN_UNUSED_FUNCTION = YES;
				GCC_WARN_UNUSED_VARIABLE = YES;
				IPHONEOS_DEPLOYMENT_TARGET = 9.1;
				MTL_ENABLE_DEBUG_INFO = NO;
				SDKROOT = iphoneos;
				VALIDATE_PRODUCT = YES;
			};
			name = Release;
		};
		7C05B8A01BDFEB9F001BBB18 /* Debug */ = {
			isa = XCBuildConfiguration;
			buildSettings = {
				ASSETCATALOG_COMPILER_APPICON_NAME = AppIcon;
				INFOPLIST_FILE = rzMapKitTest/Info.plist;
				LD_RUNPATH_SEARCH_PATHS = "$(inherited) @executable_path/Frameworks";
				PRODUCT_BUNDLE_IDENTIFIER = org.zimmelman.rzMapKitTest;
				PRODUCT_NAME = "$(TARGET_NAME)";
			};
			name = Debug;
		};
		7C05B8A11BDFEB9F001BBB18 /* Release */ = {
			isa = XCBuildConfiguration;
			buildSettings = {
				ASSETCATALOG_COMPILER_APPICON_NAME = AppIcon;
				INFOPLIST_FILE = rzMapKitTest/Info.plist;
				LD_RUNPATH_SEARCH_PATHS = "$(inherited) @executable_path/Frameworks";
				PRODUCT_BUNDLE_IDENTIFIER = org.zimmelman.rzMapKitTest;
				PRODUCT_NAME = "$(TARGET_NAME)";
			};
			name = Release;
		};
/* End XCBuildConfiguration section */

/* Begin XCConfigurationList section */
		7C05B8831BDFEB9F001BBB18 /* Build configuration list for PBXProject "rzMapKitTest" */ = {
			isa = XCConfigurationList;
			buildConfigurations = (
				7C05B89D1BDFEB9F001BBB18 /* Debug */,
				7C05B89E1BDFEB9F001BBB18 /* Release */,
			);
			defaultConfigurationIsVisible = 0;
			defaultConfigurationName = Release;
		};
		7C05B89F1BDFEB9F001BBB18 /* Build configuration list for PBXNativeTarget "rzMapKitTest" */ = {
			isa = XCConfigurationList;
			buildConfigurations = (
				7C05B8A01BDFEB9F001BBB18 /* Debug */,
				7C05B8A11BDFEB9F001BBB18 /* Release */,
			);
			defaultConfigurationIsVisible = 0;
		};
/* End XCConfigurationList section */
	};
	rootObject = 7C05B8801BDFEB9F001BBB18 /* Project object */;
}
